
Microsoft Visual Studio Solution File, Format Version 12.00
# Visual Studio Version 17
VisualStudioVersion = 17.5.33414.496
MinimumVisualStudioVersion = 10.0.40219.1
Project("{9A19103F-16F7-4668-BE54-9A1E7A4F7556}") = "LearnNew", "LearnNew.WebApi\LearnNew.csproj", "{432DAB3E-CDDA-4670-951B-01E013DD99E2}"
EndProject
Global
	GlobalSection(SolutionConfigurationPlatforms) = preSolution
		Debug|Any CPU = Debug|Any CPU
		Release|Any CPU = Release|Any CPU
	EndGlobalSection
	GlobalSection(ProjectConfigurationPlatforms) = postSolution
		{432DAB3E-CDDA-4670-951B-01E013DD99E2}.Debug|Any CPU.ActiveCfg = Debug|Any CPU
		{432DAB3E-CDDA-4670-951B-01E013DD99E2}.Debug|Any CPU.Build.0 = Debug|Any CPU
		{432DAB3E-CDDA-4670-951B-01E013DD99E2}.Release|Any CPU.ActiveCfg = Release|Any CPU
		{432DAB3E-CDDA-4670-951B-01E013DD99E2}.Release|Any CPU.Build.0 = Release|Any CPU
	EndGlobalSection
	GlobalSection(SolutionProperties) = preSolution
		HideSolutionNode = FALSE
	EndGlobalSection
	GlobalSection(ExtensibilityGlobals) = postSolution
		SolutionGuid = {453BED03-361D-462F-8272-76F97D108050}
	EndGlobalSection
EndGlobal
